
Microsoft Visual Studio Solution File, Format Version 12.00
# Visual Studio 15
VisualStudioVersion = 15.0.26124.0
MinimumVisualStudioVersion = 15.0.26124.0
Project("{FAE04EC0-301F-11D3-BF4B-00C04F79EFBC}") = "API", "API\API.csproj", "{F5F88571-25F3-472B-8854-212357A2EA92}"
EndProject
Project("{FAE04EC0-301F-11D3-BF4B-00C04F79EFBC}") = "Application", "Application\Application.csproj", "{2269EBE9-8950-4D5E-A508-8E08A5B95446}"
EndProject
Project("{FAE04EC0-301F-11D3-BF4B-00C04F79EFBC}") = "Domain", "Domain\Domain.csproj", "{5209BD5A-F793-4051-847C-55A1CBB05CDB}"
EndProject
Project("{FAE04EC0-301F-11D3-BF4B-00C04F79EFBC}") = "Persistence", "Persistence\Persistence.csproj", "{BC08083D-D95D-4E64-ACF3-94E1C87DCF7C}"
EndProject
Global
	GlobalSection(SolutionConfigurationPlatforms) = preSolution
		Debug|Any CPU = Debug|Any CPU
		Debug|x64 = Debug|x64
		Debug|x86 = Debug|x86
		Release|Any CPU = Release|Any CPU
		Release|x64 = Release|x64
		Release|x86 = Release|x86
	EndGlobalSection
	GlobalSection(SolutionProperties) = preSolution
		HideSolutionNode = FALSE
	EndGlobalSection
	GlobalSection(ProjectConfigurationPlatforms) = postSolution
		{F5F88571-25F3-472B-8854-212357A2EA92}.Debug|Any CPU.ActiveCfg = Debug|Any CPU
		{F5F88571-25F3-472B-8854-212357A2EA92}.Debug|Any CPU.Build.0 = Debug|Any CPU
		{F5F88571-25F3-472B-8854-212357A2EA92}.Debug|x64.ActiveCfg = Debug|Any CPU
		{F5F88571-25F3-472B-8854-212357A2EA92}.Debug|x64.Build.0 = Debug|Any CPU
		{F5F88571-25F3-472B-8854-212357A2EA92}.Debug|x86.ActiveCfg = Debug|Any CPU
		{F5F88571-25F3-472B-8854-212357A2EA92}.Debug|x86.Build.0 = Debug|Any CPU
		{F5F88571-25F3-472B-8854-212357A2EA92}.Release|Any CPU.ActiveCfg = Release|Any CPU
		{F5F88571-25F3-472B-8854-212357A2EA92}.Release|Any CPU.Build.0 = Release|Any CPU
		{F5F88571-25F3-472B-8854-212357A2EA92}.Release|x64.ActiveCfg = Release|Any CPU
		{F5F88571-25F3-472B-8854-212357A2EA92}.Release|x64.Build.0 = Release|Any CPU
		{F5F88571-25F3-472B-8854-212357A2EA92}.Release|x86.ActiveCfg = Release|Any CPU
		{F5F88571-25F3-472B-8854-212357A2EA92}.Release|x86.Build.0 = Release|Any CPU
		{2269EBE9-8950-4D5E-A508-8E08A5B95446}.Debug|Any CPU.ActiveCfg = Debug|Any CPU
		{2269EBE9-8950-4D5E-A508-8E08A5B95446}.Debug|Any CPU.Build.0 = Debug|Any CPU
		{2269EBE9-8950-4D5E-A508-8E08A5B95446}.Debug|x64.ActiveCfg = Debug|Any CPU
		{2269EBE9-8950-4D5E-A508-8E08A5B95446}.Debug|x64.Build.0 = Debug|Any CPU
		{2269EBE9-8950-4D5E-A508-8E08A5B95446}.Debug|x86.ActiveCfg = Debug|Any CPU
		{2269EBE9-8950-4D5E-A508-8E08A5B95446}.Debug|x86.Build.0 = Debug|Any CPU
		{2269EBE9-8950-4D5E-A508-8E08A5B95446}.Release|Any CPU.ActiveCfg = Release|Any CPU
		{2269EBE9-8950-4D5E-A508-8E08A5B95446}.Release|Any CPU.Build.0 = Release|Any CPU
		{2269EBE9-8950-4D5E-A508-8E08A5B95446}.Release|x64.ActiveCfg = Release|Any CPU
		{2269EBE9-8950-4D5E-A508-8E08A5B95446}.Release|x64.Build.0 = Release|Any CPU
		{2269EBE9-8950-4D5E-A508-8E08A5B95446}.Release|x86.ActiveCfg = Release|Any CPU
		{2269EBE9-8950-4D5E-A508-8E08A5B95446}.Release|x86.Build.0 = Release|Any CPU
		{5209BD5A-F793-4051-847C-55A1CBB05CDB}.Debug|Any CPU.ActiveCfg = Debug|Any CPU
		{5209BD5A-F793-4051-847C-55A1CBB05CDB}.Debug|Any CPU.Build.0 = Debug|Any CPU
		{5209BD5A-F793-4051-847C-55A1CBB05CDB}.Debug|x64.ActiveCfg = Debug|Any CPU
		{5209BD5A-F793-4051-847C-55A1CBB05CDB}.Debug|x64.Build.0 = Debug|Any CPU
		{5209BD5A-F793-4051-847C-55A1CBB05CDB}.Debug|x86.ActiveCfg = Debug|Any CPU
		{5209BD5A-F793-4051-847C-55A1CBB05CDB}.Debug|x86.Build.0 = Debug|Any CPU
		{5209BD5A-F793-4051-847C-55A1CBB05CDB}.Release|Any CPU.ActiveCfg = Release|Any CPU
		{5209BD5A-F793-4051-847C-55A1CBB05CDB}.Release|Any CPU.Build.0 = Release|Any CPU
		{5209BD5A-F793-4051-847C-55A1CBB05CDB}.Release|x64.ActiveCfg = Release|Any CPU
		{5209BD5A-F793-4051-847C-55A1CBB05CDB}.Release|x64.Build.0 = Release|Any CPU
		{5209BD5A-F793-4051-847C-55A1CBB05CDB}.Release|x86.ActiveCfg = Release|Any CPU
		{5209BD5A-F793-4051-847C-55A1CBB05CDB}.Release|x86.Build.0 = Release|Any CPU
		{BC08083D-D95D-4E64-ACF3-94E1C87DCF7C}.Debug|Any CPU.ActiveCfg = Debug|Any CPU
		{BC08083D-D95D-4E64-ACF3-94E1C87DCF7C}.Debug|Any CPU.Build.0 = Debug|Any CPU
		{BC08083D-D95D-4E64-ACF3-94E1C87DCF7C}.Debug|x64.ActiveCfg = Debug|Any CPU
		{BC08083D-D95D-4E64-ACF3-94E1C87DCF7C}.Debug|x64.Build.0 = Debug|Any CPU
		{BC08083D-D95D-4E64-ACF3-94E1C87DCF7C}.Debug|x86.ActiveCfg = Debug|Any CPU
		{BC08083D-D95D-4E64-ACF3-94E1C87DCF7C}.Debug|x86.Build.0 = Debug|Any CPU
		{BC08083D-D95D-4E64-ACF3-94E1C87DCF7C}.Release|Any CPU.ActiveCfg = Release|Any CPU
		{BC08083D-D95D-4E64-ACF3-94E1C87DCF7C}.Release|Any CPU.Build.0 = Release|Any CPU
		{BC08083D-D95D-4E64-ACF3-94E1C87DCF7C}.Release|x64.ActiveCfg = Release|Any CPU
		{BC08083D-D95D-4E64-ACF3-94E1C87DCF7C}.Release|x64.Build.0 = Release|Any CPU
		{BC08083D-D95D-4E64-ACF3-94E1C87DCF7C}.Release|x86.ActiveCfg = Release|Any CPU
		{BC08083D-D95D-4E64-ACF3-94E1C87DCF7C}.Release|x86.Build.0 = Release|Any CPU
	EndGlobalSection
EndGlobal
